
Microsoft Visual Studio Solution File, Format Version 11.00
# Visual Studio 2010
Project("{FAE04EC0-301F-11D3-BF4B-00C04F79EFBC}") = "TCS_business", "TCS_business\TCS_business.csproj", "{CEBB9901-8512-421B-8ABE-A981C2FD7DDA}"
EndProject
Global
	GlobalSection(SolutionConfigurationPlatforms) = preSolution
		Debug|Any CPU = Debug|Any CPU
		Release|Any CPU = Release|Any CPU
	EndGlobalSection
	GlobalSection(ProjectConfigurationPlatforms) = postSolution
		{CEBB9901-8512-421B-8ABE-A981C2FD7DDA}.Debug|Any CPU.ActiveCfg = Debug|Any CPU
		{CEBB9901-8512-421B-8ABE-A981C2FD7DDA}.Debug|Any CPU.Build.0 = Debug|Any CPU
		{CEBB9901-8512-421B-8ABE-A981C2FD7DDA}.Release|Any CPU.ActiveCfg = Release|Any CPU
		{CEBB9901-8512-421B-8ABE-A981C2FD7DDA}.Release|Any CPU.Build.0 = Release|Any CPU
	EndGlobalSection
	GlobalSection(SolutionProperties) = preSolution
		HideSolutionNode = FALSE
	EndGlobalSection
EndGlobal
